<?xml version="1.0" encoding="utf-8"?>
<Project ToolsVersion="4.0" xmlns="http://schemas.microsoft.com/developer/msbuild/2003">
  <ItemGroup>
    <Filter Include="Source Files">
      <UniqueIdentifier>{4FC737F1-C7A5-4376-A066-2A32D752A2FF}</UniqueIdentifier>
      <Extensions>cpp;c;cc;cxx;def;odl;idl;hpj;bat;asm;asmx</Extensions>
    </Filter>
    <Filter Include="Header Files">
      <UniqueIdentifier>{93995380-89BD-4b04-88EB-625FBE52EBFB}</UniqueIdentifier>
      <Extensions>h;hh;hpp;hxx;hm;inl;inc;xsd</Extensions>
    </Filter>
    <Filter Include="Resource Files">
      <UniqueIdentifier>{67DA6AB6-F800-4c08-8B7A-83BB121AAD01}</UniqueIdentifier>
      <Extensions>qrc;rc;ico;cur;bmp;dlg;rc2;rct;bin;rgs;gif;jpg;jpeg;jpe;resx;tiff;tif;png;wav;mfcribbon-ms</Extensions>
    </Filter>
    <Filter Include="Form Files">
      <UniqueIdentifier>{99349809-55BA-4b9d-BF79-8FDBB0286EB3}</UniqueIdentifier>
      <Extensions>ui</Extensions>
    </Filter>
    <Filter Include="Translation Files">
      <UniqueIdentifier>{639EADAA-A684-42e4-A9AD-28FC9BCB8F7C}</UniqueIdentifier>
      <Extensions>ts</Extensions>
    </Filter>
  </ItemGroup>
  <ItemGroup>
    <QtRcc Include="BeeEcosystem.qrc">
      <Filter>Resource Files</Filter>
    </QtRcc>
    <QtUic Include="BeeEcosystem.ui">
      <Filter>Form Files</Filter>
    </QtUic>
    <QtMoc Include="BeeEcosystem.h">
      <Filter>Header Files</Filter>
    </QtMoc>
    <ClCompile Include="BeeEcosystem.cpp">
      <Filter>Source Files</Filter>
    </ClCompile>
  </ItemGroup>
  <ItemGroup>
    <ClCompile Include="main.cpp">
      <Filter>Source Files</Filter>
    </ClCompile>
    <ClCompile Include="QControlBar.cpp">
      <Filter>Source Files</Filter>
    </ClCompile>
    <ClCompile Include="QColorBox.cpp">
      <Filter>Source Files</Filter>
    </ClCompile>
    <ClCompile Include="QParameters.cpp">
      <Filter>Source Files</Filter>
    </ClCompile>
    <ClCompile Include="EcoSystem.cpp">
      <Filter>Source Files</Filter>
    </ClCompile>
    <ClCompile Include="LivingBeing.cpp">
      <Filter>Source Files</Filter>
    </ClCompile>
    <ClCompile Include="LivingHome.cpp">
      <Filter>Source Files</Filter>
    </ClCompile>
    <ClCompile Include="Home.cpp">
      <Filter>Source Files</Filter>
    </ClCompile>
    <ClCompile Include="FloweringPlant.cpp">
      <Filter>Source Files</Filter>
    </ClCompile>
    <ClCompile Include="ObjectMotion.cpp">
      <Filter>Source Files</Filter>
    </ClCompile>
    <ClCompile Include="ForagingInsect.cpp">
      <Filter>Source Files</Filter>
    </ClCompile>
    <ClCompile Include="Swarm.cpp">
      <Filter>Source Files</Filter>
    </ClCompile>
    <ClCompile Include="SwarmBees.cpp">
      <Filter>Source Files</Filter>
    </ClCompile>
    <ClCompile Include="SwarmAsianHornet.cpp">
      <Filter>Source Files</Filter>
    </ClCompile>
    <ClCompile Include="Bee.cpp">
      <Filter>Source Files</Filter>
    </ClCompile>
    <ClCompile Include="AsianHornet.cpp">
      <Filter>Source Files</Filter>
    </ClCompile>
    <ClCompile Include="Human.cpp">
      <Filter>Source Files</Filter>
    </ClCompile>
    <ClCompile Include="Aubergine.cpp">
      <Filter>Source Files</Filter>
    </ClCompile>
    <ClCompile Include="Courgette.cpp">
      <Filter>Source Files</Filter>
    </ClCompile>
    <ClCompile Include="Random.cpp">
      <Filter>Source Files</Filter>
    </ClCompile>
    <ClCompile Include="Tomato.cpp">
      <Filter>Source Files</Filter>
    </ClCompile>
  </ItemGroup>
  <ItemGroup>
    <QtMoc Include="QControlBar.h">
      <Filter>Header Files</Filter>
    </QtMoc>
    <QtMoc Include="QColorBox.h">
      <Filter>Header Files</Filter>
    </QtMoc>
    <QtMoc Include="QParameters.h">
      <Filter>Header Files</Filter>
    </QtMoc>
  </ItemGroup>
  <ItemGroup>
    <ClInclude Include="EcoSystem.h">
      <Filter>Header Files</Filter>
    </ClInclude>
    <ClInclude Include="LivingBeing.h">
      <Filter>Header Files</Filter>
    </ClInclude>
    <ClInclude Include="LivingHome.h">
      <Filter>Header Files</Filter>
    </ClInclude>
    <ClInclude Include="Home.h">
      <Filter>Header Files</Filter>
    </ClInclude>
    <ClInclude Include="FloweringPlant.h">
      <Filter>Header Files</Filter>
    </ClInclude>
    <ClInclude Include="ObjectMotion.h">
      <Filter>Header Files</Filter>
    </ClInclude>
    <ClInclude Include="ForagingInsect.h">
      <Filter>Header Files</Filter>
    </ClInclude>
    <ClInclude Include="Swarm.h">
      <Filter>Header Files</Filter>
    </ClInclude>
    <ClInclude Include="SwarmBees.h">
      <Filter>Header Files</Filter>
    </ClInclude>
    <ClInclude Include="SwarmAsianHornet.h">
      <Filter>Header Files</Filter>
    </ClInclude>
    <ClInclude Include="Bee.h">
      <Filter>Header Files</Filter>
    </ClInclude>
    <ClInclude Include="AsianHornet.h">
      <Filter>Header Files</Filter>
    </ClInclude>
    <ClInclude Include="Human.h">
      <Filter>Header Files</Filter>
    </ClInclude>
    <ClInclude Include="Aubergine.h">
      <Filter>Header Files</Filter>
    </ClInclude>
    <ClInclude Include="Courgette.h">
      <Filter>Header Files</Filter>
    </ClInclude>
    <ClInclude Include="Random.h">
      <Filter>Header Files</Filter>
    </ClInclude>
    <ClInclude Include="Tomato.h">
      <Filter>Header Files</Filter>
    </ClInclude>
  </ItemGroup>
</Project>